
Microsoft Visual Studio Solution File, Format Version 11.00
# Visual Studio 2010
Project("{FAE04EC0-301F-11D3-BF4B-00C04F79EFBC}") = "first", "first\first.csproj", "{424465FE-2F72-40D8-8A74-3B6AA4611DF2}"
EndProject
Global
	GlobalSection(SolutionConfigurationPlatforms) = preSolution
		Debug|x86 = Debug|x86
		Release|x86 = Release|x86
	EndGlobalSection
	GlobalSection(ProjectConfigurationPlatforms) = postSolution
		{424465FE-2F72-40D8-8A74-3B6AA4611DF2}.Debug|x86.ActiveCfg = Debug|x86
		{424465FE-2F72-40D8-8A74-3B6AA4611DF2}.Debug|x86.Build.0 = Debug|x86
		{424465FE-2F72-40D8-8A74-3B6AA4611DF2}.Release|x86.ActiveCfg = Release|x86
		{424465FE-2F72-40D8-8A74-3B6AA4611DF2}.Release|x86.Build.0 = Release|x86
	EndGlobalSection
	GlobalSection(MonoDevelopProperties) = preSolution
		StartupItem = first\first.csproj
	EndGlobalSection
EndGlobal
